{
  "name": "gushpanka-github",
  "version": "1.0.0",
  "lockfileVersion": 3,
  "requires": true,
  "packages": {
    "": {
      "name": "gushpanka-github",
      "version": "1.0.0",
      "license": "ISC",
      "dependencies": {
        "@types/react": "^19.1.8",
        "@types/react-dom": "^19.1.6",
        "react": "^19.1.0",
        "react-dom": "^19.1.0",
        "typescript": "^5.8.3"
      }
    }
  }
}
